
Microsoft Visual Studio Solution File, Format Version 12.00
# Visual Studio Version 16
VisualStudioVersion = 16.0.29709.97
MinimumVisualStudioVersion = 10.0.40219.1
Project("{2150E333-8FDC-42A3-9474-1A3956D46DE8}") = "ch1", "ch1", "{D32F1780-C554-490F-9BF7-832F28439A98}"
EndProject
Project("{8BC9CEB8-8B4A-11D0-8D11-00A0C91BC942}") = "FirstApp", "FirstApp\FirstApp.vcxproj", "{8A53234D-C2CB-4306-B953-8740B3A1377A}"
EndProject
Project("{8BC9CEB8-8B4A-11D0-8D11-00A0C91BC942}") = "TemplateTest", "TempleteTest\TempleteTest.vcxproj", "{22C5910C-F377-4669-9D3E-815D1A4FD836}"
EndProject
Project("{8BC9CEB8-8B4A-11D0-8D11-00A0C91BC942}") = "numtype", "numtype\numtype.vcxproj", "{50247B8F-4620-4173-9884-8F560B70140A}"
EndProject
Project("{2150E333-8FDC-42A3-9474-1A3956D46DE8}") = "ch3", "ch3", "{43C88BDD-CAC7-4C46-87A2-47DA29FD007B}"
EndProject
Project("{8BC9CEB8-8B4A-11D0-8D11-00A0C91BC942}") = "VarTest", "VarTest\VarTest.vcxproj", "{6516A7B8-FE0A-4569-8C1C-9FDBA05353FC}"
EndProject
Project("{8BC9CEB8-8B4A-11D0-8D11-00A0C91BC942}") = "StrTest", "StrTest\StrTest.vcxproj", "{9BC39DD1-19E1-48CA-B415-4EEAB49C2B01}"
EndProject
Project("{2150E333-8FDC-42A3-9474-1A3956D46DE8}") = "ch4", "ch4", "{8946AB74-B372-4B57-8AC4-DF1E7E94DF4D}"
EndProject
Project("{8BC9CEB8-8B4A-11D0-8D11-00A0C91BC942}") = "DivideTest", "DivideTest\DivideTest.vcxproj", "{543E0627-0B22-41CD-9CD2-50ECE78853CA}"
EndProject
Project("{8BC9CEB8-8B4A-11D0-8D11-00A0C91BC942}") = "TypeChangeTest", "TypeChangeTest\TypeChangeTest.vcxproj", "{DC657246-52CE-4E29-AA7B-0E3AC6520628}"
EndProject
Project("{8BC9CEB8-8B4A-11D0-8D11-00A0C91BC942}") = "RebuildOne", "RebuildOne\RebuildOne.vcxproj", "{39403826-1370-47C7-980D-2C889DEDEF23}"
EndProject
Project("{2150E333-8FDC-42A3-9474-1A3956D46DE8}") = "ch5", "ch5", "{3C17294B-87AD-4FA5-9E67-E8E7F29B699C}"
EndProject
Project("{8BC9CEB8-8B4A-11D0-8D11-00A0C91BC942}") = "IfTest", "IfTest\IfTest.vcxproj", "{DC8F6C7A-4E94-4969-964F-6A5D278BA71A}"
EndProject
Project("{8BC9CEB8-8B4A-11D0-8D11-00A0C91BC942}") = "arrayexam", "arrayexam\arrayexam.vcxproj", "{BAB06F29-E245-4E5B-BA5A-ACEED86A0AFB}"
EndProject
Project("{2150E333-8FDC-42A3-9474-1A3956D46DE8}") = "ch10", "ch10", "{A7D0B4D4-539A-48B0-AED9-EC37850424F6}"
EndProject
Project("{2150E333-8FDC-42A3-9474-1A3956D46DE8}") = "ch12", "ch12", "{0CFF13F8-0426-4102-8288-43511A4B687C}"
EndProject
Project("{8BC9CEB8-8B4A-11D0-8D11-00A0C91BC942}") = "charexam", "charexam\charexam.vcxproj", "{9852640B-091A-4FE9-83DB-0F6AAD38F44C}"
EndProject
Project("{2150E333-8FDC-42A3-9474-1A3956D46DE8}") = "ch13", "ch13", "{E1A04A91-EEFD-4B89-B209-A5D17083A138}"
EndProject
Project("{8BC9CEB8-8B4A-11D0-8D11-00A0C91BC942}") = "VarStudy", "VarStudy\VarStudy.vcxproj", "{568FD688-C86D-4019-86E8-F1F99B768D5A}"
EndProject
Project("{2150E333-8FDC-42A3-9474-1A3956D46DE8}") = "ch14", "ch14", "{5F079B48-6AA1-454D-8510-8A0FC6D3618E}"
EndProject
Project("{8BC9CEB8-8B4A-11D0-8D11-00A0C91BC942}") = "MultiArrayStudy", "MultiArrayStudy\MultiArrayStudy.vcxproj", "{175DD3BC-65F5-4290-A3C3-84BB19ADB7D2}"
EndProject
Project("{8BC9CEB8-8B4A-11D0-8D11-00A0C91BC942}") = "3Darray", "3Darray\3Darray.vcxproj", "{0C14D6B3-C4C9-49C4-B67D-6132059248A1}"
EndProject
Project("{8BC9CEB8-8B4A-11D0-8D11-00A0C91BC942}") = "stringPointor", "stringPointor\stringPointor.vcxproj", "{E8DEB519-90F2-451B-9C5F-E0648D638847}"
EndProject
Project("{2150E333-8FDC-42A3-9474-1A3956D46DE8}") = "ch15", "ch15", "{437F178F-BA82-42E9-92C7-1AA56BCA1516}"
EndProject
Project("{8BC9CEB8-8B4A-11D0-8D11-00A0C91BC942}") = "Pointor15", "Pointor15\Pointor15.vcxproj", "{8F1B2C67-8466-4C14-B8F8-F3FC90E5A7E5}"
EndProject
Project("{8BC9CEB8-8B4A-11D0-8D11-00A0C91BC942}") = "FuncPointor", "FuncPointor\FuncPointor.vcxproj", "{97AA66A5-F486-4EDD-BE62-600CAAD32007}"
EndProject
Project("{2150E333-8FDC-42A3-9474-1A3956D46DE8}") = "project01", "project01", "{42ADCAF9-B3B2-4627-AF5C-A67E0BE2DC40}"
EndProject
Project("{8BC9CEB8-8B4A-11D0-8D11-00A0C91BC942}") = "CodeChamber01", "CodeChamber01\CodeChamber01.vcxproj", "{14096BEB-618F-4B85-A0E8-79FBCBBEDA87}"
EndProject
Project("{8BC9CEB8-8B4A-11D0-8D11-00A0C91BC942}") = "RunningStage01", "RunningStage01\RunningStage01.vcxproj", "{3D0BDCC5-39D8-4010-9F27-9187AFA86F20}"
EndProject
Project("{2150E333-8FDC-42A3-9474-1A3956D46DE8}") = "ch16", "ch16", "{FEC00DCB-B943-4750-BA9D-E8CC40E9A226}"
EndProject
Project("{8BC9CEB8-8B4A-11D0-8D11-00A0C91BC942}") = "MemoryExam", "MemoryExam\MemoryExam.vcxproj", "{6FE59044-9B54-4826-A614-C6EAF8A46489}"
EndProject
Project("{8BC9CEB8-8B4A-11D0-8D11-00A0C91BC942}") = "ArrayMemoryExam", "ArrayMemoryExam\ArrayMemoryExam.vcxproj", "{459C5997-81B7-47B8-AAF8-3D0C759AFD08}"
EndProject
Project("{8BC9CEB8-8B4A-11D0-8D11-00A0C91BC942}") = "ArgBuild", "ArgBuild\ArgBuild.vcxproj", "{AD864C97-ECE2-43B0-BDFF-AF9CCD2B25BF}"
EndProject
Project("{2150E333-8FDC-42A3-9474-1A3956D46DE8}") = "ch17", "ch17", "{FD5B22A0-8018-400D-9356-978A0B06D27B}"
EndProject
Project("{8BC9CEB8-8B4A-11D0-8D11-00A0C91BC942}") = "StructStudy", "StructStudy\StructStudy.vcxproj", "{C471DE26-E6FA-4738-8818-F7D819C5EA82}"
EndProject
Project("{8BC9CEB8-8B4A-11D0-8D11-00A0C91BC942}") = "StructPointor", "StructPointor\StructPointor.vcxproj", "{4A32BA81-4C79-4303-8EF4-48C4F88ECCF8}"
EndProject
Project("{8BC9CEB8-8B4A-11D0-8D11-00A0C91BC942}") = "SelfLink", "SelfLink\SelfLink.vcxproj", "{14B920D9-48D5-4378-8610-57E89C391C1D}"
EndProject
Project("{8BC9CEB8-8B4A-11D0-8D11-00A0C91BC942}") = "UnionExam", "UnionExam\UnionExam.vcxproj", "{F7D2A70F-6D7F-460E-AFB8-A9CFE3DB4411}"
EndProject
Project("{2150E333-8FDC-42A3-9474-1A3956D46DE8}") = "ch18", "ch18", "{4084700C-5E8B-4BE6-A9D3-12BE88F53B18}"
EndProject
Project("{8BC9CEB8-8B4A-11D0-8D11-00A0C91BC942}") = "FileStudy", "FileStudy\FileStudy.vcxproj", "{7542B796-90C1-47B0-83A0-BF3B048C21FF}"
EndProject
Project("{8BC9CEB8-8B4A-11D0-8D11-00A0C91BC942}") = "FileCopy", "PutStudy\PutStudy.vcxproj", "{DEB6576C-47CA-4A76-919C-7257F4D8FF81}"
EndProject
Project("{2150E333-8FDC-42A3-9474-1A3956D46DE8}") = "ch19", "ch19", "{2603D783-C5CB-4453-BB62-D6F70B704C87}"
EndProject
Project("{8BC9CEB8-8B4A-11D0-8D11-00A0C91BC942}") = "AddonStudy", "AddonStudy\AddonStudy.vcxproj", "{28A8279D-8C0B-481B-9922-6BA202F8AE5E}"
EndProject
Project("{8BC9CEB8-8B4A-11D0-8D11-00A0C91BC942}") = "MacroApp", "MacroApp\MacroApp.vcxproj", "{20AC0A24-A963-407D-A3FF-A54AFDC4AAD1}"
EndProject
Project("{8BC9CEB8-8B4A-11D0-8D11-00A0C91BC942}") = "Separate", "Separate\Separate.vcxproj", "{F66D211F-C853-4D36-B2A9-8CF150B524EB}"
EndProject
Project("{8BC9CEB8-8B4A-11D0-8D11-00A0C91BC942}") = "ExternStudy", "ExternStudy\ExternStudy.vcxproj", "{C36497EC-C4E5-4090-9CBD-A4779EBCF1BA}"
EndProject
Project("{8BC9CEB8-8B4A-11D0-8D11-00A0C91BC942}") = "IfndefStudy", "IfndefStudy\IfndefStudy.vcxproj", "{8E4E0789-BF7F-4732-95FC-BC0CD958CDEB}"
EndProject
Project("{2150E333-8FDC-42A3-9474-1A3956D46DE8}") = "Range", "Range", "{2C73CC86-A285-4E02-B09F-74B40DEA0BC8}"
EndProject
Project("{8BC9CEB8-8B4A-11D0-8D11-00A0C91BC942}") = "RangeExam01", "RangeExam01\RangeExam01.vcxproj", "{1DD7417A-4208-41A0-B403-9DBC6F45C38F}"
EndProject
Project("{2150E333-8FDC-42A3-9474-1A3956D46DE8}") = "ch20", "ch20", "{3C5829F3-8E31-441B-B3FB-4C8BCEF7BCC1}"
EndProject
Project("{8BC9CEB8-8B4A-11D0-8D11-00A0C91BC942}") = "CMathLib", "CMathLib\CMathLib.vcxproj", "{A19C0C7D-F7C8-4BC6-8573-5025F89F6AA3}"
EndProject
Project("{8BC9CEB8-8B4A-11D0-8D11-00A0C91BC942}") = "UsingStaticLib", "UsingStaticLib\UsingStaticLib.vcxproj", "{9B71D081-A7E7-4A8C-9775-9BFBFF1B3238}"
EndProject
Project("{8BC9CEB8-8B4A-11D0-8D11-00A0C91BC942}") = "MyMathLib", "MyMathLib\MyMathLib.vcxproj", "{4607B40C-B2A3-4EBA-8345-210E4E8B043B}"
EndProject
Project("{8BC9CEB8-8B4A-11D0-8D11-00A0C91BC942}") = "UsingDynLib", "UsingDynLib\UsingDynLib.vcxproj", "{6211ABEC-704C-433B-B39B-424D0DD0504E}"
EndProject
Project("{8BC9CEB8-8B4A-11D0-8D11-00A0C91BC942}") = "MysqlStudy", "MysqlStudy\MysqlStudy.vcxproj", "{33D5B1F1-E81D-4F0D-9175-831C4B0C1465}"
EndProject
Project("{8BC9CEB8-8B4A-11D0-8D11-00A0C91BC942}") = "JsonSimpleParser", "JsonSimpleParser\JsonSimpleParser.vcxproj", "{5E65C942-409E-495B-9847-6CE85D182358}"
EndProject
Project("{8BC9CEB8-8B4A-11D0-8D11-00A0C91BC942}") = "UsingParsonApp", "UsingParsonApp\UsingParsonApp.vcxproj", "{6CA09A27-07EA-4C98-94A3-A0A19F6D4C30}"
EndProject
Project("{2150E333-8FDC-42A3-9474-1A3956D46DE8}") = "exproject", "exproject", "{B4DDBC99-85C0-4733-8903-4B57602339BC}"
EndProject
Project("{8BC9CEB8-8B4A-11D0-8D11-00A0C91BC942}") = "forexam", "forexam\forexam.vcxproj", "{55A3C82D-263B-49DE-8E48-8DB586D66259}"
EndProject
Project("{8BC9CEB8-8B4A-11D0-8D11-00A0C91BC942}") = "chngexam", "chngexam\chngexam.vcxproj", "{1839093D-182D-47E8-BA18-205E19AA4647}"
EndProject
Project("{8BC9CEB8-8B4A-11D0-8D11-00A0C91BC942}") = "structexam", "structexam\structexam.vcxproj", "{0DEE5663-6E5B-4A6E-BC95-7D5020D5D94D}"
EndProject
Global
	GlobalSection(SolutionConfigurationPlatforms) = preSolution
		Debug|x64 = Debug|x64
		Debug|x86 = Debug|x86
		Release|x64 = Release|x64
		Release|x86 = Release|x86
	EndGlobalSection
	GlobalSection(ProjectConfigurationPlatforms) = postSolution
		{8A53234D-C2CB-4306-B953-8740B3A1377A}.Debug|x64.ActiveCfg = Debug|x64
		{8A53234D-C2CB-4306-B953-8740B3A1377A}.Debug|x64.Build.0 = Debug|x64
		{8A53234D-C2CB-4306-B953-8740B3A1377A}.Debug|x86.ActiveCfg = Debug|Win32
		{8A53234D-C2CB-4306-B953-8740B3A1377A}.Debug|x86.Build.0 = Debug|Win32
		{8A53234D-C2CB-4306-B953-8740B3A1377A}.Release|x64.ActiveCfg = Release|x64
		{8A53234D-C2CB-4306-B953-8740B3A1377A}.Release|x64.Build.0 = Release|x64
		{8A53234D-C2CB-4306-B953-8740B3A1377A}.Release|x86.ActiveCfg = Release|Win32
		{8A53234D-C2CB-4306-B953-8740B3A1377A}.Release|x86.Build.0 = Release|Win32
		{22C5910C-F377-4669-9D3E-815D1A4FD836}.Debug|x64.ActiveCfg = Debug|x64
		{22C5910C-F377-4669-9D3E-815D1A4FD836}.Debug|x64.Build.0 = Debug|x64
		{22C5910C-F377-4669-9D3E-815D1A4FD836}.Debug|x86.ActiveCfg = Debug|Win32
		{22C5910C-F377-4669-9D3E-815D1A4FD836}.Debug|x86.Build.0 = Debug|Win32
		{22C5910C-F377-4669-9D3E-815D1A4FD836}.Release|x64.ActiveCfg = Release|x64
		{22C5910C-F377-4669-9D3E-815D1A4FD836}.Release|x64.Build.0 = Release|x64
		{22C5910C-F377-4669-9D3E-815D1A4FD836}.Release|x86.ActiveCfg = Release|Win32
		{22C5910C-F377-4669-9D3E-815D1A4FD836}.Release|x86.Build.0 = Release|Win32
		{50247B8F-4620-4173-9884-8F560B70140A}.Debug|x64.ActiveCfg = Debug|x64
		{50247B8F-4620-4173-9884-8F560B70140A}.Debug|x64.Build.0 = Debug|x64
		{50247B8F-4620-4173-9884-8F560B70140A}.Debug|x86.ActiveCfg = Debug|Win32
		{50247B8F-4620-4173-9884-8F560B70140A}.Debug|x86.Build.0 = Debug|Win32
		{50247B8F-4620-4173-9884-8F560B70140A}.Release|x64.ActiveCfg = Release|x64
		{50247B8F-4620-4173-9884-8F560B70140A}.Release|x64.Build.0 = Release|x64
		{50247B8F-4620-4173-9884-8F560B70140A}.Release|x86.ActiveCfg = Release|Win32
		{50247B8F-4620-4173-9884-8F560B70140A}.Release|x86.Build.0 = Release|Win32
		{6516A7B8-FE0A-4569-8C1C-9FDBA05353FC}.Debug|x64.ActiveCfg = Debug|x64
		{6516A7B8-FE0A-4569-8C1C-9FDBA05353FC}.Debug|x64.Build.0 = Debug|x64
		{6516A7B8-FE0A-4569-8C1C-9FDBA05353FC}.Debug|x86.ActiveCfg = Debug|Win32
		{6516A7B8-FE0A-4569-8C1C-9FDBA05353FC}.Debug|x86.Build.0 = Debug|Win32
		{6516A7B8-FE0A-4569-8C1C-9FDBA05353FC}.Release|x64.ActiveCfg = Release|x64
		{6516A7B8-FE0A-4569-8C1C-9FDBA05353FC}.Release|x64.Build.0 = Release|x64
		{6516A7B8-FE0A-4569-8C1C-9FDBA05353FC}.Release|x86.ActiveCfg = Release|Win32
		{6516A7B8-FE0A-4569-8C1C-9FDBA05353FC}.Release|x86.Build.0 = Release|Win32
		{9BC39DD1-19E1-48CA-B415-4EEAB49C2B01}.Debug|x64.ActiveCfg = Debug|x64
		{9BC39DD1-19E1-48CA-B415-4EEAB49C2B01}.Debug|x64.Build.0 = Debug|x64
		{9BC39DD1-19E1-48CA-B415-4EEAB49C2B01}.Debug|x86.ActiveCfg = Debug|Win32
		{9BC39DD1-19E1-48CA-B415-4EEAB49C2B01}.Debug|x86.Build.0 = Debug|Win32
		{9BC39DD1-19E1-48CA-B415-4EEAB49C2B01}.Release|x64.ActiveCfg = Release|x64
		{9BC39DD1-19E1-48CA-B415-4EEAB49C2B01}.Release|x64.Build.0 = Release|x64
		{9BC39DD1-19E1-48CA-B415-4EEAB49C2B01}.Release|x86.ActiveCfg = Release|Win32
		{9BC39DD1-19E1-48CA-B415-4EEAB49C2B01}.Release|x86.Build.0 = Release|Win32
		{543E0627-0B22-41CD-9CD2-50ECE78853CA}.Debug|x64.ActiveCfg = Debug|x64
		{543E0627-0B22-41CD-9CD2-50ECE78853CA}.Debug|x64.Build.0 = Debug|x64
		{543E0627-0B22-41CD-9CD2-50ECE78853CA}.Debug|x86.ActiveCfg = Debug|Win32
		{543E0627-0B22-41CD-9CD2-50ECE78853CA}.Debug|x86.Build.0 = Debug|Win32
		{543E0627-0B22-41CD-9CD2-50ECE78853CA}.Release|x64.ActiveCfg = Release|x64
		{543E0627-0B22-41CD-9CD2-50ECE78853CA}.Release|x64.Build.0 = Release|x64
		{543E0627-0B22-41CD-9CD2-50ECE78853CA}.Release|x86.ActiveCfg = Release|Win32
		{543E0627-0B22-41CD-9CD2-50ECE78853CA}.Release|x86.Build.0 = Release|Win32
		{DC657246-52CE-4E29-AA7B-0E3AC6520628}.Debug|x64.ActiveCfg = Debug|x64
		{DC657246-52CE-4E29-AA7B-0E3AC6520628}.Debug|x64.Build.0 = Debug|x64
		{DC657246-52CE-4E29-AA7B-0E3AC6520628}.Debug|x86.ActiveCfg = Debug|Win32
		{DC657246-52CE-4E29-AA7B-0E3AC6520628}.Debug|x86.Build.0 = Debug|Win32
		{DC657246-52CE-4E29-AA7B-0E3AC6520628}.Release|x64.ActiveCfg = Release|x64
		{DC657246-52CE-4E29-AA7B-0E3AC6520628}.Release|x64.Build.0 = Release|x64
		{DC657246-52CE-4E29-AA7B-0E3AC6520628}.Release|x86.ActiveCfg = Release|Win32
		{DC657246-52CE-4E29-AA7B-0E3AC6520628}.Release|x86.Build.0 = Release|Win32
		{39403826-1370-47C7-980D-2C889DEDEF23}.Debug|x64.ActiveCfg = Debug|x64
		{39403826-1370-47C7-980D-2C889DEDEF23}.Debug|x64.Build.0 = Debug|x64
		{39403826-1370-47C7-980D-2C889DEDEF23}.Debug|x86.ActiveCfg = Debug|Win32
		{39403826-1370-47C7-980D-2C889DEDEF23}.Debug|x86.Build.0 = Debug|Win32
		{39403826-1370-47C7-980D-2C889DEDEF23}.Release|x64.ActiveCfg = Release|x64
		{39403826-1370-47C7-980D-2C889DEDEF23}.Release|x64.Build.0 = Release|x64
		{39403826-1370-47C7-980D-2C889DEDEF23}.Release|x86.ActiveCfg = Release|Win32
		{39403826-1370-47C7-980D-2C889DEDEF23}.Release|x86.Build.0 = Release|Win32
		{DC8F6C7A-4E94-4969-964F-6A5D278BA71A}.Debug|x64.ActiveCfg = Debug|x64
		{DC8F6C7A-4E94-4969-964F-6A5D278BA71A}.Debug|x64.Build.0 = Debug|x64
		{DC8F6C7A-4E94-4969-964F-6A5D278BA71A}.Debug|x86.ActiveCfg = Debug|Win32
		{DC8F6C7A-4E94-4969-964F-6A5D278BA71A}.Debug|x86.Build.0 = Debug|Win32
		{DC8F6C7A-4E94-4969-964F-6A5D278BA71A}.Release|x64.ActiveCfg = Release|x64
		{DC8F6C7A-4E94-4969-964F-6A5D278BA71A}.Release|x64.Build.0 = Release|x64
		{DC8F6C7A-4E94-4969-964F-6A5D278BA71A}.Release|x86.ActiveCfg = Release|Win32
		{DC8F6C7A-4E94-4969-964F-6A5D278BA71A}.Release|x86.Build.0 = Release|Win32
		{BAB06F29-E245-4E5B-BA5A-ACEED86A0AFB}.Debug|x64.ActiveCfg = Debug|x64
		{BAB06F29-E245-4E5B-BA5A-ACEED86A0AFB}.Debug|x64.Build.0 = Debug|x64
		{BAB06F29-E245-4E5B-BA5A-ACEED86A0AFB}.Debug|x86.ActiveCfg = Debug|Win32
		{BAB06F29-E245-4E5B-BA5A-ACEED86A0AFB}.Debug|x86.Build.0 = Debug|Win32
		{BAB06F29-E245-4E5B-BA5A-ACEED86A0AFB}.Release|x64.ActiveCfg = Release|x64
		{BAB06F29-E245-4E5B-BA5A-ACEED86A0AFB}.Release|x64.Build.0 = Release|x64
		{BAB06F29-E245-4E5B-BA5A-ACEED86A0AFB}.Release|x86.ActiveCfg = Release|Win32
		{BAB06F29-E245-4E5B-BA5A-ACEED86A0AFB}.Release|x86.Build.0 = Release|Win32
		{9852640B-091A-4FE9-83DB-0F6AAD38F44C}.Debug|x64.ActiveCfg = Debug|x64
		{9852640B-091A-4FE9-83DB-0F6AAD38F44C}.Debug|x64.Build.0 = Debug|x64
		{9852640B-091A-4FE9-83DB-0F6AAD38F44C}.Debug|x86.ActiveCfg = Debug|Win32
		{9852640B-091A-4FE9-83DB-0F6AAD38F44C}.Debug|x86.Build.0 = Debug|Win32
		{9852640B-091A-4FE9-83DB-0F6AAD38F44C}.Release|x64.ActiveCfg = Release|x64
		{9852640B-091A-4FE9-83DB-0F6AAD38F44C}.Release|x64.Build.0 = Release|x64
		{9852640B-091A-4FE9-83DB-0F6AAD38F44C}.Release|x86.ActiveCfg = Release|Win32
		{9852640B-091A-4FE9-83DB-0F6AAD38F44C}.Release|x86.Build.0 = Release|Win32
		{568FD688-C86D-4019-86E8-F1F99B768D5A}.Debug|x64.ActiveCfg = Debug|x64
		{568FD688-C86D-4019-86E8-F1F99B768D5A}.Debug|x64.Build.0 = Debug|x64
		{568FD688-C86D-4019-86E8-F1F99B768D5A}.Debug|x86.ActiveCfg = Debug|Win32
		{568FD688-C86D-4019-86E8-F1F99B768D5A}.Debug|x86.Build.0 = Debug|Win32
		{568FD688-C86D-4019-86E8-F1F99B768D5A}.Release|x64.ActiveCfg = Release|x64
		{568FD688-C86D-4019-86E8-F1F99B768D5A}.Release|x64.Build.0 = Release|x64
		{568FD688-C86D-4019-86E8-F1F99B768D5A}.Release|x86.ActiveCfg = Release|Win32
		{568FD688-C86D-4019-86E8-F1F99B768D5A}.Release|x86.Build.0 = Release|Win32
		{175DD3BC-65F5-4290-A3C3-84BB19ADB7D2}.Debug|x64.ActiveCfg = Debug|x64
		{175DD3BC-65F5-4290-A3C3-84BB19ADB7D2}.Debug|x64.Build.0 = Debug|x64
		{175DD3BC-65F5-4290-A3C3-84BB19ADB7D2}.Debug|x86.ActiveCfg = Debug|Win32
		{175DD3BC-65F5-4290-A3C3-84BB19ADB7D2}.Debug|x86.Build.0 = Debug|Win32
		{175DD3BC-65F5-4290-A3C3-84BB19ADB7D2}.Release|x64.ActiveCfg = Release|x64
		{175DD3BC-65F5-4290-A3C3-84BB19ADB7D2}.Release|x64.Build.0 = Release|x64
		{175DD3BC-65F5-4290-A3C3-84BB19ADB7D2}.Release|x86.ActiveCfg = Release|Win32
		{175DD3BC-65F5-4290-A3C3-84BB19ADB7D2}.Release|x86.Build.0 = Release|Win32
		{0C14D6B3-C4C9-49C4-B67D-6132059248A1}.Debug|x64.ActiveCfg = Debug|x64
		{0C14D6B3-C4C9-49C4-B67D-6132059248A1}.Debug|x64.Build.0 = Debug|x64
		{0C14D6B3-C4C9-49C4-B67D-6132059248A1}.Debug|x86.ActiveCfg = Debug|Win32
		{0C14D6B3-C4C9-49C4-B67D-6132059248A1}.Debug|x86.Build.0 = Debug|Win32
		{0C14D6B3-C4C9-49C4-B67D-6132059248A1}.Release|x64.ActiveCfg = Release|x64
		{0C14D6B3-C4C9-49C4-B67D-6132059248A1}.Release|x64.Build.0 = Release|x64
		{0C14D6B3-C4C9-49C4-B67D-6132059248A1}.Release|x86.ActiveCfg = Release|Win32
		{0C14D6B3-C4C9-49C4-B67D-6132059248A1}.Release|x86.Build.0 = Release|Win32
		{E8DEB519-90F2-451B-9C5F-E0648D638847}.Debug|x64.ActiveCfg = Debug|x64
		{E8DEB519-90F2-451B-9C5F-E0648D638847}.Debug|x64.Build.0 = Debug|x64
		{E8DEB519-90F2-451B-9C5F-E0648D638847}.Debug|x86.ActiveCfg = Debug|Win32
		{E8DEB519-90F2-451B-9C5F-E0648D638847}.Debug|x86.Build.0 = Debug|Win32
		{E8DEB519-90F2-451B-9C5F-E0648D638847}.Release|x64.ActiveCfg = Release|x64
		{E8DEB519-90F2-451B-9C5F-E0648D638847}.Release|x64.Build.0 = Release|x64
		{E8DEB519-90F2-451B-9C5F-E0648D638847}.Release|x86.ActiveCfg = Release|Win32
		{E8DEB519-90F2-451B-9C5F-E0648D638847}.Release|x86.Build.0 = Release|Win32
		{8F1B2C67-8466-4C14-B8F8-F3FC90E5A7E5}.Debug|x64.ActiveCfg = Debug|x64
		{8F1B2C67-8466-4C14-B8F8-F3FC90E5A7E5}.Debug|x64.Build.0 = Debug|x64
		{8F1B2C67-8466-4C14-B8F8-F3FC90E5A7E5}.Debug|x86.ActiveCfg = Debug|Win32
		{8F1B2C67-8466-4C14-B8F8-F3FC90E5A7E5}.Debug|x86.Build.0 = Debug|Win32
		{8F1B2C67-8466-4C14-B8F8-F3FC90E5A7E5}.Release|x64.ActiveCfg = Release|x64
		{8F1B2C67-8466-4C14-B8F8-F3FC90E5A7E5}.Release|x64.Build.0 = Release|x64
		{8F1B2C67-8466-4C14-B8F8-F3FC90E5A7E5}.Release|x86.ActiveCfg = Release|Win32
		{8F1B2C67-8466-4C14-B8F8-F3FC90E5A7E5}.Release|x86.Build.0 = Release|Win32
		{97AA66A5-F486-4EDD-BE62-600CAAD32007}.Debug|x64.ActiveCfg = Debug|x64
		{97AA66A5-F486-4EDD-BE62-600CAAD32007}.Debug|x64.Build.0 = Debug|x64
		{97AA66A5-F486-4EDD-BE62-600CAAD32007}.Debug|x86.ActiveCfg = Debug|Win32
		{97AA66A5-F486-4EDD-BE62-600CAAD32007}.Debug|x86.Build.0 = Debug|Win32
		{97AA66A5-F486-4EDD-BE62-600CAAD32007}.Release|x64.ActiveCfg = Release|x64
		{97AA66A5-F486-4EDD-BE62-600CAAD32007}.Release|x64.Build.0 = Release|x64
		{97AA66A5-F486-4EDD-BE62-600CAAD32007}.Release|x86.ActiveCfg = Release|Win32
		{97AA66A5-F486-4EDD-BE62-600CAAD32007}.Release|x86.Build.0 = Release|Win32
		{14096BEB-618F-4B85-A0E8-79FBCBBEDA87}.Debug|x64.ActiveCfg = Debug|x64
		{14096BEB-618F-4B85-A0E8-79FBCBBEDA87}.Debug|x64.Build.0 = Debug|x64
		{14096BEB-618F-4B85-A0E8-79FBCBBEDA87}.Debug|x86.ActiveCfg = Debug|Win32
		{14096BEB-618F-4B85-A0E8-79FBCBBEDA87}.Debug|x86.Build.0 = Debug|Win32
		{14096BEB-618F-4B85-A0E8-79FBCBBEDA87}.Release|x64.ActiveCfg = Release|x64
		{14096BEB-618F-4B85-A0E8-79FBCBBEDA87}.Release|x64.Build.0 = Release|x64
		{14096BEB-618F-4B85-A0E8-79FBCBBEDA87}.Release|x86.ActiveCfg = Release|Win32
		{14096BEB-618F-4B85-A0E8-79FBCBBEDA87}.Release|x86.Build.0 = Release|Win32
		{3D0BDCC5-39D8-4010-9F27-9187AFA86F20}.Debug|x64.ActiveCfg = Debug|x64
		{3D0BDCC5-39D8-4010-9F27-9187AFA86F20}.Debug|x64.Build.0 = Debug|x64
		{3D0BDCC5-39D8-4010-9F27-9187AFA86F20}.Debug|x86.ActiveCfg = Debug|Win32
		{3D0BDCC5-39D8-4010-9F27-9187AFA86F20}.Debug|x86.Build.0 = Debug|Win32
		{3D0BDCC5-39D8-4010-9F27-9187AFA86F20}.Release|x64.ActiveCfg = Release|x64
		{3D0BDCC5-39D8-4010-9F27-9187AFA86F20}.Release|x64.Build.0 = Release|x64
		{3D0BDCC5-39D8-4010-9F27-9187AFA86F20}.Release|x86.ActiveCfg = Release|Win32
		{3D0BDCC5-39D8-4010-9F27-9187AFA86F20}.Release|x86.Build.0 = Release|Win32
		{6FE59044-9B54-4826-A614-C6EAF8A46489}.Debug|x64.ActiveCfg = Debug|x64
		{6FE59044-9B54-4826-A614-C6EAF8A46489}.Debug|x64.Build.0 = Debug|x64
		{6FE59044-9B54-4826-A614-C6EAF8A46489}.Debug|x86.ActiveCfg = Debug|Win32
		{6FE59044-9B54-4826-A614-C6EAF8A46489}.Debug|x86.Build.0 = Debug|Win32
		{6FE59044-9B54-4826-A614-C6EAF8A46489}.Release|x64.ActiveCfg = Release|x64
		{6FE59044-9B54-4826-A614-C6EAF8A46489}.Release|x64.Build.0 = Release|x64
		{6FE59044-9B54-4826-A614-C6EAF8A46489}.Release|x86.ActiveCfg = Release|Win32
		{6FE59044-9B54-4826-A614-C6EAF8A46489}.Release|x86.Build.0 = Release|Win32
		{459C5997-81B7-47B8-AAF8-3D0C759AFD08}.Debug|x64.ActiveCfg = Debug|x64
		{459C5997-81B7-47B8-AAF8-3D0C759AFD08}.Debug|x64.Build.0 = Debug|x64
		{459C5997-81B7-47B8-AAF8-3D0C759AFD08}.Debug|x86.ActiveCfg = Debug|Win32
		{459C5997-81B7-47B8-AAF8-3D0C759AFD08}.Debug|x86.Build.0 = Debug|Win32
		{459C5997-81B7-47B8-AAF8-3D0C759AFD08}.Release|x64.ActiveCfg = Release|x64
		{459C5997-81B7-47B8-AAF8-3D0C759AFD08}.Release|x64.Build.0 = Release|x64
		{459C5997-81B7-47B8-AAF8-3D0C759AFD08}.Release|x86.ActiveCfg = Release|Win32
		{459C5997-81B7-47B8-AAF8-3D0C759AFD08}.Release|x86.Build.0 = Release|Win32
		{AD864C97-ECE2-43B0-BDFF-AF9CCD2B25BF}.Debug|x64.ActiveCfg = Debug|x64
		{AD864C97-ECE2-43B0-BDFF-AF9CCD2B25BF}.Debug|x64.Build.0 = Debug|x64
		{AD864C97-ECE2-43B0-BDFF-AF9CCD2B25BF}.Debug|x86.ActiveCfg = Debug|Win32
		{AD864C97-ECE2-43B0-BDFF-AF9CCD2B25BF}.Debug|x86.Build.0 = Debug|Win32
		{AD864C97-ECE2-43B0-BDFF-AF9CCD2B25BF}.Release|x64.ActiveCfg = Release|x64
		{AD864C97-ECE2-43B0-BDFF-AF9CCD2B25BF}.Release|x64.Build.0 = Release|x64
		{AD864C97-ECE2-43B0-BDFF-AF9CCD2B25BF}.Release|x86.ActiveCfg = Release|Win32
		{AD864C97-ECE2-43B0-BDFF-AF9CCD2B25BF}.Release|x86.Build.0 = Release|Win32
		{C471DE26-E6FA-4738-8818-F7D819C5EA82}.Debug|x64.ActiveCfg = Debug|x64
		{C471DE26-E6FA-4738-8818-F7D819C5EA82}.Debug|x64.Build.0 = Debug|x64
		{C471DE26-E6FA-4738-8818-F7D819C5EA82}.Debug|x86.ActiveCfg = Debug|Win32
		{C471DE26-E6FA-4738-8818-F7D819C5EA82}.Debug|x86.Build.0 = Debug|Win32
		{C471DE26-E6FA-4738-8818-F7D819C5EA82}.Release|x64.ActiveCfg = Release|x64
		{C471DE26-E6FA-4738-8818-F7D819C5EA82}.Release|x64.Build.0 = Release|x64
		{C471DE26-E6FA-4738-8818-F7D819C5EA82}.Release|x86.ActiveCfg = Release|Win32
		{C471DE26-E6FA-4738-8818-F7D819C5EA82}.Release|x86.Build.0 = Release|Win32
		{4A32BA81-4C79-4303-8EF4-48C4F88ECCF8}.Debug|x64.ActiveCfg = Debug|x64
		{4A32BA81-4C79-4303-8EF4-48C4F88ECCF8}.Debug|x64.Build.0 = Debug|x64
		{4A32BA81-4C79-4303-8EF4-48C4F88ECCF8}.Debug|x86.ActiveCfg = Debug|Win32
		{4A32BA81-4C79-4303-8EF4-48C4F88ECCF8}.Debug|x86.Build.0 = Debug|Win32
		{4A32BA81-4C79-4303-8EF4-48C4F88ECCF8}.Release|x64.ActiveCfg = Release|x64
		{4A32BA81-4C79-4303-8EF4-48C4F88ECCF8}.Release|x64.Build.0 = Release|x64
		{4A32BA81-4C79-4303-8EF4-48C4F88ECCF8}.Release|x86.ActiveCfg = Release|Win32
		{4A32BA81-4C79-4303-8EF4-48C4F88ECCF8}.Release|x86.Build.0 = Release|Win32
		{14B920D9-48D5-4378-8610-57E89C391C1D}.Debug|x64.ActiveCfg = Debug|x64
		{14B920D9-48D5-4378-8610-57E89C391C1D}.Debug|x64.Build.0 = Debug|x64
		{14B920D9-48D5-4378-8610-57E89C391C1D}.Debug|x86.ActiveCfg = Debug|Win32
		{14B920D9-48D5-4378-8610-57E89C391C1D}.Debug|x86.Build.0 = Debug|Win32
		{14B920D9-48D5-4378-8610-57E89C391C1D}.Release|x64.ActiveCfg = Release|x64
		{14B920D9-48D5-4378-8610-57E89C391C1D}.Release|x64.Build.0 = Release|x64
		{14B920D9-48D5-4378-8610-57E89C391C1D}.Release|x86.ActiveCfg = Release|Win32
		{14B920D9-48D5-4378-8610-57E89C391C1D}.Release|x86.Build.0 = Release|Win32
		{F7D2A70F-6D7F-460E-AFB8-A9CFE3DB4411}.Debug|x64.ActiveCfg = Debug|x64
		{F7D2A70F-6D7F-460E-AFB8-A9CFE3DB4411}.Debug|x64.Build.0 = Debug|x64
		{F7D2A70F-6D7F-460E-AFB8-A9CFE3DB4411}.Debug|x86.ActiveCfg = Debug|Win32
		{F7D2A70F-6D7F-460E-AFB8-A9CFE3DB4411}.Debug|x86.Build.0 = Debug|Win32
		{F7D2A70F-6D7F-460E-AFB8-A9CFE3DB4411}.Release|x64.ActiveCfg = Release|x64
		{F7D2A70F-6D7F-460E-AFB8-A9CFE3DB4411}.Release|x64.Build.0 = Release|x64
		{F7D2A70F-6D7F-460E-AFB8-A9CFE3DB4411}.Release|x86.ActiveCfg = Release|Win32
		{F7D2A70F-6D7F-460E-AFB8-A9CFE3DB4411}.Release|x86.Build.0 = Release|Win32
		{7542B796-90C1-47B0-83A0-BF3B048C21FF}.Debug|x64.ActiveCfg = Debug|x64
		{7542B796-90C1-47B0-83A0-BF3B048C21FF}.Debug|x64.Build.0 = Debug|x64
		{7542B796-90C1-47B0-83A0-BF3B048C21FF}.Debug|x86.ActiveCfg = Debug|Win32
		{7542B796-90C1-47B0-83A0-BF3B048C21FF}.Debug|x86.Build.0 = Debug|Win32
		{7542B796-90C1-47B0-83A0-BF3B048C21FF}.Release|x64.ActiveCfg = Release|x64
		{7542B796-90C1-47B0-83A0-BF3B048C21FF}.Release|x64.Build.0 = Release|x64
		{7542B796-90C1-47B0-83A0-BF3B048C21FF}.Release|x86.ActiveCfg = Release|Win32
		{7542B796-90C1-47B0-83A0-BF3B048C21FF}.Release|x86.Build.0 = Release|Win32
		{DEB6576C-47CA-4A76-919C-7257F4D8FF81}.Debug|x64.ActiveCfg = Debug|x64
		{DEB6576C-47CA-4A76-919C-7257F4D8FF81}.Debug|x64.Build.0 = Debug|x64
		{DEB6576C-47CA-4A76-919C-7257F4D8FF81}.Debug|x86.ActiveCfg = Debug|Win32
		{DEB6576C-47CA-4A76-919C-7257F4D8FF81}.Debug|x86.Build.0 = Debug|Win32
		{DEB6576C-47CA-4A76-919C-7257F4D8FF81}.Release|x64.ActiveCfg = Release|x64
		{DEB6576C-47CA-4A76-919C-7257F4D8FF81}.Release|x64.Build.0 = Release|x64
		{DEB6576C-47CA-4A76-919C-7257F4D8FF81}.Release|x86.ActiveCfg = Release|Win32
		{DEB6576C-47CA-4A76-919C-7257F4D8FF81}.Release|x86.Build.0 = Release|Win32
		{28A8279D-8C0B-481B-9922-6BA202F8AE5E}.Debug|x64.ActiveCfg = Debug|x64
		{28A8279D-8C0B-481B-9922-6BA202F8AE5E}.Debug|x64.Build.0 = Debug|x64
		{28A8279D-8C0B-481B-9922-6BA202F8AE5E}.Debug|x86.ActiveCfg = Debug|Win32
		{28A8279D-8C0B-481B-9922-6BA202F8AE5E}.Debug|x86.Build.0 = Debug|Win32
		{28A8279D-8C0B-481B-9922-6BA202F8AE5E}.Release|x64.ActiveCfg = Release|x64
		{28A8279D-8C0B-481B-9922-6BA202F8AE5E}.Release|x64.Build.0 = Release|x64
		{28A8279D-8C0B-481B-9922-6BA202F8AE5E}.Release|x86.ActiveCfg = Release|Win32
		{28A8279D-8C0B-481B-9922-6BA202F8AE5E}.Release|x86.Build.0 = Release|Win32
		{20AC0A24-A963-407D-A3FF-A54AFDC4AAD1}.Debug|x64.ActiveCfg = Debug|x64
		{20AC0A24-A963-407D-A3FF-A54AFDC4AAD1}.Debug|x64.Build.0 = Debug|x64
		{20AC0A24-A963-407D-A3FF-A54AFDC4AAD1}.Debug|x86.ActiveCfg = Debug|Win32
		{20AC0A24-A963-407D-A3FF-A54AFDC4AAD1}.Debug|x86.Build.0 = Debug|Win32
		{20AC0A24-A963-407D-A3FF-A54AFDC4AAD1}.Release|x64.ActiveCfg = Release|x64
		{20AC0A24-A963-407D-A3FF-A54AFDC4AAD1}.Release|x64.Build.0 = Release|x64
		{20AC0A24-A963-407D-A3FF-A54AFDC4AAD1}.Release|x86.ActiveCfg = Release|Win32
		{20AC0A24-A963-407D-A3FF-A54AFDC4AAD1}.Release|x86.Build.0 = Release|Win32
		{F66D211F-C853-4D36-B2A9-8CF150B524EB}.Debug|x64.ActiveCfg = Debug|x64
		{F66D211F-C853-4D36-B2A9-8CF150B524EB}.Debug|x64.Build.0 = Debug|x64
		{F66D211F-C853-4D36-B2A9-8CF150B524EB}.Debug|x86.ActiveCfg = Debug|Win32
		{F66D211F-C853-4D36-B2A9-8CF150B524EB}.Debug|x86.Build.0 = Debug|Win32
		{F66D211F-C853-4D36-B2A9-8CF150B524EB}.Release|x64.ActiveCfg = Release|x64
		{F66D211F-C853-4D36-B2A9-8CF150B524EB}.Release|x64.Build.0 = Release|x64
		{F66D211F-C853-4D36-B2A9-8CF150B524EB}.Release|x86.ActiveCfg = Release|Win32
		{F66D211F-C853-4D36-B2A9-8CF150B524EB}.Release|x86.Build.0 = Release|Win32
		{C36497EC-C4E5-4090-9CBD-A4779EBCF1BA}.Debug|x64.ActiveCfg = Debug|x64
		{C36497EC-C4E5-4090-9CBD-A4779EBCF1BA}.Debug|x64.Build.0 = Debug|x64
		{C36497EC-C4E5-4090-9CBD-A4779EBCF1BA}.Debug|x86.ActiveCfg = Debug|Win32
		{C36497EC-C4E5-4090-9CBD-A4779EBCF1BA}.Debug|x86.Build.0 = Debug|Win32
		{C36497EC-C4E5-4090-9CBD-A4779EBCF1BA}.Release|x64.ActiveCfg = Release|x64
		{C36497EC-C4E5-4090-9CBD-A4779EBCF1BA}.Release|x64.Build.0 = Release|x64
		{C36497EC-C4E5-4090-9CBD-A4779EBCF1BA}.Release|x86.ActiveCfg = Release|Win32
		{C36497EC-C4E5-4090-9CBD-A4779EBCF1BA}.Release|x86.Build.0 = Release|Win32
		{8E4E0789-BF7F-4732-95FC-BC0CD958CDEB}.Debug|x64.ActiveCfg = Debug|x64
		{8E4E0789-BF7F-4732-95FC-BC0CD958CDEB}.Debug|x64.Build.0 = Debug|x64
		{8E4E0789-BF7F-4732-95FC-BC0CD958CDEB}.Debug|x86.ActiveCfg = Debug|Win32
		{8E4E0789-BF7F-4732-95FC-BC0CD958CDEB}.Debug|x86.Build.0 = Debug|Win32
		{8E4E0789-BF7F-4732-95FC-BC0CD958CDEB}.Release|x64.ActiveCfg = Release|x64
		{8E4E0789-BF7F-4732-95FC-BC0CD958CDEB}.Release|x64.Build.0 = Release|x64
		{8E4E0789-BF7F-4732-95FC-BC0CD958CDEB}.Release|x86.ActiveCfg = Release|Win32
		{8E4E0789-BF7F-4732-95FC-BC0CD958CDEB}.Release|x86.Build.0 = Release|Win32
		{1DD7417A-4208-41A0-B403-9DBC6F45C38F}.Debug|x64.ActiveCfg = Debug|x64
		{1DD7417A-4208-41A0-B403-9DBC6F45C38F}.Debug|x64.Build.0 = Debug|x64
		{1DD7417A-4208-41A0-B403-9DBC6F45C38F}.Debug|x86.ActiveCfg = Debug|Win32
		{1DD7417A-4208-41A0-B403-9DBC6F45C38F}.Debug|x86.Build.0 = Debug|Win32
		{1DD7417A-4208-41A0-B403-9DBC6F45C38F}.Release|x64.ActiveCfg = Release|x64
		{1DD7417A-4208-41A0-B403-9DBC6F45C38F}.Release|x64.Build.0 = Release|x64
		{1DD7417A-4208-41A0-B403-9DBC6F45C38F}.Release|x86.ActiveCfg = Release|Win32
		{1DD7417A-4208-41A0-B403-9DBC6F45C38F}.Release|x86.Build.0 = Release|Win32
		{A19C0C7D-F7C8-4BC6-8573-5025F89F6AA3}.Debug|x64.ActiveCfg = Debug|x64
		{A19C0C7D-F7C8-4BC6-8573-5025F89F6AA3}.Debug|x64.Build.0 = Debug|x64
		{A19C0C7D-F7C8-4BC6-8573-5025F89F6AA3}.Debug|x86.ActiveCfg = Debug|Win32
		{A19C0C7D-F7C8-4BC6-8573-5025F89F6AA3}.Debug|x86.Build.0 = Debug|Win32
		{A19C0C7D-F7C8-4BC6-8573-5025F89F6AA3}.Release|x64.ActiveCfg = Release|x64
		{A19C0C7D-F7C8-4BC6-8573-5025F89F6AA3}.Release|x64.Build.0 = Release|x64
		{A19C0C7D-F7C8-4BC6-8573-5025F89F6AA3}.Release|x86.ActiveCfg = Release|Win32
		{A19C0C7D-F7C8-4BC6-8573-5025F89F6AA3}.Release|x86.Build.0 = Release|Win32
		{9B71D081-A7E7-4A8C-9775-9BFBFF1B3238}.Debug|x64.ActiveCfg = Debug|x64
		{9B71D081-A7E7-4A8C-9775-9BFBFF1B3238}.Debug|x64.Build.0 = Debug|x64
		{9B71D081-A7E7-4A8C-9775-9BFBFF1B3238}.Debug|x86.ActiveCfg = Debug|Win32
		{9B71D081-A7E7-4A8C-9775-9BFBFF1B3238}.Debug|x86.Build.0 = Debug|Win32
		{9B71D081-A7E7-4A8C-9775-9BFBFF1B3238}.Release|x64.ActiveCfg = Release|x64
		{9B71D081-A7E7-4A8C-9775-9BFBFF1B3238}.Release|x64.Build.0 = Release|x64
		{9B71D081-A7E7-4A8C-9775-9BFBFF1B3238}.Release|x86.ActiveCfg = Release|Win32
		{9B71D081-A7E7-4A8C-9775-9BFBFF1B3238}.Release|x86.Build.0 = Release|Win32
		{4607B40C-B2A3-4EBA-8345-210E4E8B043B}.Debug|x64.ActiveCfg = Debug|x64
		{4607B40C-B2A3-4EBA-8345-210E4E8B043B}.Debug|x64.Build.0 = Debug|x64
		{4607B40C-B2A3-4EBA-8345-210E4E8B043B}.Debug|x86.ActiveCfg = Debug|Win32
		{4607B40C-B2A3-4EBA-8345-210E4E8B043B}.Debug|x86.Build.0 = Debug|Win32
		{4607B40C-B2A3-4EBA-8345-210E4E8B043B}.Release|x64.ActiveCfg = Release|x64
		{4607B40C-B2A3-4EBA-8345-210E4E8B043B}.Release|x64.Build.0 = Release|x64
		{4607B40C-B2A3-4EBA-8345-210E4E8B043B}.Release|x86.ActiveCfg = Release|Win32
		{4607B40C-B2A3-4EBA-8345-210E4E8B043B}.Release|x86.Build.0 = Release|Win32
		{6211ABEC-704C-433B-B39B-424D0DD0504E}.Debug|x64.ActiveCfg = Debug|x64
		{6211ABEC-704C-433B-B39B-424D0DD0504E}.Debug|x64.Build.0 = Debug|x64
		{6211ABEC-704C-433B-B39B-424D0DD0504E}.Debug|x86.ActiveCfg = Debug|Win32
		{6211ABEC-704C-433B-B39B-424D0DD0504E}.Debug|x86.Build.0 = Debug|Win32
		{6211ABEC-704C-433B-B39B-424D0DD0504E}.Release|x64.ActiveCfg = Release|x64
		{6211ABEC-704C-433B-B39B-424D0DD0504E}.Release|x64.Build.0 = Release|x64
		{6211ABEC-704C-433B-B39B-424D0DD0504E}.Release|x86.ActiveCfg = Release|Win32
		{6211ABEC-704C-433B-B39B-424D0DD0504E}.Release|x86.Build.0 = Release|Win32
		{33D5B1F1-E81D-4F0D-9175-831C4B0C1465}.Debug|x64.ActiveCfg = Debug|x64
		{33D5B1F1-E81D-4F0D-9175-831C4B0C1465}.Debug|x64.Build.0 = Debug|x64
		{33D5B1F1-E81D-4F0D-9175-831C4B0C1465}.Debug|x86.ActiveCfg = Debug|Win32
		{33D5B1F1-E81D-4F0D-9175-831C4B0C1465}.Debug|x86.Build.0 = Debug|Win32
		{33D5B1F1-E81D-4F0D-9175-831C4B0C1465}.Release|x64.ActiveCfg = Release|x64
		{33D5B1F1-E81D-4F0D-9175-831C4B0C1465}.Release|x64.Build.0 = Release|x64
		{33D5B1F1-E81D-4F0D-9175-831C4B0C1465}.Release|x86.ActiveCfg = Release|Win32
		{33D5B1F1-E81D-4F0D-9175-831C4B0C1465}.Release|x86.Build.0 = Release|Win32
		{5E65C942-409E-495B-9847-6CE85D182358}.Debug|x64.ActiveCfg = Debug|x64
		{5E65C942-409E-495B-9847-6CE85D182358}.Debug|x64.Build.0 = Debug|x64
		{5E65C942-409E-495B-9847-6CE85D182358}.Debug|x86.ActiveCfg = Debug|Win32
		{5E65C942-409E-495B-9847-6CE85D182358}.Debug|x86.Build.0 = Debug|Win32
		{5E65C942-409E-495B-9847-6CE85D182358}.Release|x64.ActiveCfg = Release|x64
		{5E65C942-409E-495B-9847-6CE85D182358}.Release|x64.Build.0 = Release|x64
		{5E65C942-409E-495B-9847-6CE85D182358}.Release|x86.ActiveCfg = Release|Win32
		{5E65C942-409E-495B-9847-6CE85D182358}.Release|x86.Build.0 = Release|Win32
		{6CA09A27-07EA-4C98-94A3-A0A19F6D4C30}.Debug|x64.ActiveCfg = Debug|x64
		{6CA09A27-07EA-4C98-94A3-A0A19F6D4C30}.Debug|x64.Build.0 = Debug|x64
		{6CA09A27-07EA-4C98-94A3-A0A19F6D4C30}.Debug|x86.ActiveCfg = Debug|Win32
		{6CA09A27-07EA-4C98-94A3-A0A19F6D4C30}.Debug|x86.Build.0 = Debug|Win32
		{6CA09A27-07EA-4C98-94A3-A0A19F6D4C30}.Release|x64.ActiveCfg = Release|x64
		{6CA09A27-07EA-4C98-94A3-A0A19F6D4C30}.Release|x64.Build.0 = Release|x64
		{6CA09A27-07EA-4C98-94A3-A0A19F6D4C30}.Release|x86.ActiveCfg = Release|Win32
		{6CA09A27-07EA-4C98-94A3-A0A19F6D4C30}.Release|x86.Build.0 = Release|Win32
		{55A3C82D-263B-49DE-8E48-8DB586D66259}.Debug|x64.ActiveCfg = Debug|x64
		{55A3C82D-263B-49DE-8E48-8DB586D66259}.Debug|x64.Build.0 = Debug|x64
		{55A3C82D-263B-49DE-8E48-8DB586D66259}.Debug|x86.ActiveCfg = Debug|Win32
		{55A3C82D-263B-49DE-8E48-8DB586D66259}.Debug|x86.Build.0 = Debug|Win32
		{55A3C82D-263B-49DE-8E48-8DB586D66259}.Release|x64.ActiveCfg = Release|x64
		{55A3C82D-263B-49DE-8E48-8DB586D66259}.Release|x64.Build.0 = Release|x64
		{55A3C82D-263B-49DE-8E48-8DB586D66259}.Release|x86.ActiveCfg = Release|Win32
		{55A3C82D-263B-49DE-8E48-8DB586D66259}.Release|x86.Build.0 = Release|Win32
		{1839093D-182D-47E8-BA18-205E19AA4647}.Debug|x64.ActiveCfg = Debug|x64
		{1839093D-182D-47E8-BA18-205E19AA4647}.Debug|x64.Build.0 = Debug|x64
		{1839093D-182D-47E8-BA18-205E19AA4647}.Debug|x86.ActiveCfg = Debug|Win32
		{1839093D-182D-47E8-BA18-205E19AA4647}.Debug|x86.Build.0 = Debug|Win32
		{1839093D-182D-47E8-BA18-205E19AA4647}.Release|x64.ActiveCfg = Release|x64
		{1839093D-182D-47E8-BA18-205E19AA4647}.Release|x64.Build.0 = Release|x64
		{1839093D-182D-47E8-BA18-205E19AA4647}.Release|x86.ActiveCfg = Release|Win32
		{1839093D-182D-47E8-BA18-205E19AA4647}.Release|x86.Build.0 = Release|Win32
		{0DEE5663-6E5B-4A6E-BC95-7D5020D5D94D}.Debug|x64.ActiveCfg = Debug|x64
		{0DEE5663-6E5B-4A6E-BC95-7D5020D5D94D}.Debug|x64.Build.0 = Debug|x64
		{0DEE5663-6E5B-4A6E-BC95-7D5020D5D94D}.Debug|x86.ActiveCfg = Debug|Win32
		{0DEE5663-6E5B-4A6E-BC95-7D5020D5D94D}.Debug|x86.Build.0 = Debug|Win32
		{0DEE5663-6E5B-4A6E-BC95-7D5020D5D94D}.Release|x64.ActiveCfg = Release|x64
		{0DEE5663-6E5B-4A6E-BC95-7D5020D5D94D}.Release|x64.Build.0 = Release|x64
		{0DEE5663-6E5B-4A6E-BC95-7D5020D5D94D}.Release|x86.ActiveCfg = Release|Win32
		{0DEE5663-6E5B-4A6E-BC95-7D5020D5D94D}.Release|x86.Build.0 = Release|Win32
	EndGlobalSection
	GlobalSection(SolutionProperties) = preSolution
		HideSolutionNode = FALSE
	EndGlobalSection
	GlobalSection(NestedProjects) = preSolution
		{8A53234D-C2CB-4306-B953-8740B3A1377A} = {D32F1780-C554-490F-9BF7-832F28439A98}
		{22C5910C-F377-4669-9D3E-815D1A4FD836} = {D32F1780-C554-490F-9BF7-832F28439A98}
		{50247B8F-4620-4173-9884-8F560B70140A} = {D32F1780-C554-490F-9BF7-832F28439A98}
		{6516A7B8-FE0A-4569-8C1C-9FDBA05353FC} = {43C88BDD-CAC7-4C46-87A2-47DA29FD007B}
		{9BC39DD1-19E1-48CA-B415-4EEAB49C2B01} = {43C88BDD-CAC7-4C46-87A2-47DA29FD007B}
		{543E0627-0B22-41CD-9CD2-50ECE78853CA} = {8946AB74-B372-4B57-8AC4-DF1E7E94DF4D}
		{DC657246-52CE-4E29-AA7B-0E3AC6520628} = {8946AB74-B372-4B57-8AC4-DF1E7E94DF4D}
		{39403826-1370-47C7-980D-2C889DEDEF23} = {8946AB74-B372-4B57-8AC4-DF1E7E94DF4D}
		{DC8F6C7A-4E94-4969-964F-6A5D278BA71A} = {3C17294B-87AD-4FA5-9E67-E8E7F29B699C}
		{BAB06F29-E245-4E5B-BA5A-ACEED86A0AFB} = {A7D0B4D4-539A-48B0-AED9-EC37850424F6}
		{9852640B-091A-4FE9-83DB-0F6AAD38F44C} = {0CFF13F8-0426-4102-8288-43511A4B687C}
		{568FD688-C86D-4019-86E8-F1F99B768D5A} = {E1A04A91-EEFD-4B89-B209-A5D17083A138}
		{175DD3BC-65F5-4290-A3C3-84BB19ADB7D2} = {5F079B48-6AA1-454D-8510-8A0FC6D3618E}
		{0C14D6B3-C4C9-49C4-B67D-6132059248A1} = {5F079B48-6AA1-454D-8510-8A0FC6D3618E}
		{E8DEB519-90F2-451B-9C5F-E0648D638847} = {5F079B48-6AA1-454D-8510-8A0FC6D3618E}
		{8F1B2C67-8466-4C14-B8F8-F3FC90E5A7E5} = {437F178F-BA82-42E9-92C7-1AA56BCA1516}
		{97AA66A5-F486-4EDD-BE62-600CAAD32007} = {437F178F-BA82-42E9-92C7-1AA56BCA1516}
		{14096BEB-618F-4B85-A0E8-79FBCBBEDA87} = {42ADCAF9-B3B2-4627-AF5C-A67E0BE2DC40}
		{3D0BDCC5-39D8-4010-9F27-9187AFA86F20} = {42ADCAF9-B3B2-4627-AF5C-A67E0BE2DC40}
		{6FE59044-9B54-4826-A614-C6EAF8A46489} = {FEC00DCB-B943-4750-BA9D-E8CC40E9A226}
		{459C5997-81B7-47B8-AAF8-3D0C759AFD08} = {FEC00DCB-B943-4750-BA9D-E8CC40E9A226}
		{AD864C97-ECE2-43B0-BDFF-AF9CCD2B25BF} = {FEC00DCB-B943-4750-BA9D-E8CC40E9A226}
		{C471DE26-E6FA-4738-8818-F7D819C5EA82} = {FD5B22A0-8018-400D-9356-978A0B06D27B}
		{4A32BA81-4C79-4303-8EF4-48C4F88ECCF8} = {FD5B22A0-8018-400D-9356-978A0B06D27B}
		{14B920D9-48D5-4378-8610-57E89C391C1D} = {FD5B22A0-8018-400D-9356-978A0B06D27B}
		{F7D2A70F-6D7F-460E-AFB8-A9CFE3DB4411} = {FD5B22A0-8018-400D-9356-978A0B06D27B}
		{7542B796-90C1-47B0-83A0-BF3B048C21FF} = {4084700C-5E8B-4BE6-A9D3-12BE88F53B18}
		{DEB6576C-47CA-4A76-919C-7257F4D8FF81} = {4084700C-5E8B-4BE6-A9D3-12BE88F53B18}
		{28A8279D-8C0B-481B-9922-6BA202F8AE5E} = {2603D783-C5CB-4453-BB62-D6F70B704C87}
		{20AC0A24-A963-407D-A3FF-A54AFDC4AAD1} = {2603D783-C5CB-4453-BB62-D6F70B704C87}
		{F66D211F-C853-4D36-B2A9-8CF150B524EB} = {2603D783-C5CB-4453-BB62-D6F70B704C87}
		{C36497EC-C4E5-4090-9CBD-A4779EBCF1BA} = {2603D783-C5CB-4453-BB62-D6F70B704C87}
		{8E4E0789-BF7F-4732-95FC-BC0CD958CDEB} = {2603D783-C5CB-4453-BB62-D6F70B704C87}
		{1DD7417A-4208-41A0-B403-9DBC6F45C38F} = {2C73CC86-A285-4E02-B09F-74B40DEA0BC8}
		{A19C0C7D-F7C8-4BC6-8573-5025F89F6AA3} = {3C5829F3-8E31-441B-B3FB-4C8BCEF7BCC1}
		{9B71D081-A7E7-4A8C-9775-9BFBFF1B3238} = {3C5829F3-8E31-441B-B3FB-4C8BCEF7BCC1}
		{4607B40C-B2A3-4EBA-8345-210E4E8B043B} = {3C5829F3-8E31-441B-B3FB-4C8BCEF7BCC1}
		{6211ABEC-704C-433B-B39B-424D0DD0504E} = {3C5829F3-8E31-441B-B3FB-4C8BCEF7BCC1}
		{33D5B1F1-E81D-4F0D-9175-831C4B0C1465} = {3C5829F3-8E31-441B-B3FB-4C8BCEF7BCC1}
		{5E65C942-409E-495B-9847-6CE85D182358} = {3C5829F3-8E31-441B-B3FB-4C8BCEF7BCC1}
		{6CA09A27-07EA-4C98-94A3-A0A19F6D4C30} = {3C5829F3-8E31-441B-B3FB-4C8BCEF7BCC1}
		{55A3C82D-263B-49DE-8E48-8DB586D66259} = {B4DDBC99-85C0-4733-8903-4B57602339BC}
		{1839093D-182D-47E8-BA18-205E19AA4647} = {B4DDBC99-85C0-4733-8903-4B57602339BC}
		{0DEE5663-6E5B-4A6E-BC95-7D5020D5D94D} = {B4DDBC99-85C0-4733-8903-4B57602339BC}
	EndGlobalSection
	GlobalSection(ExtensibilityGlobals) = postSolution
		SolutionGuid = {30A40157-B05F-45A7-AD30-11D1256A662F}
	EndGlobalSection
EndGlobal
