
Microsoft Visual Studio Solution File, Format Version 12.00
# Visual Studio Version 16
VisualStudioVersion = 16.0.29709.97
MinimumVisualStudioVersion = 10.0.40219.1
Project("{2150E333-8FDC-42A3-9474-1A3956D46DE8}") = "ch1", "ch1", "{D32F1780-C554-490F-9BF7-832F28439A98}"
EndProject
Project("{8BC9CEB8-8B4A-11D0-8D11-00A0C91BC942}") = "FirstApp", "FirstApp\FirstApp.vcxproj", "{8A53234D-C2CB-4306-B953-8740B3A1377A}"
EndProject
Project("{8BC9CEB8-8B4A-11D0-8D11-00A0C91BC942}") = "TemplateTest", "TempleteTest\TempleteTest.vcxproj", "{22C5910C-F377-4669-9D3E-815D1A4FD836}"
EndProject
Project("{8BC9CEB8-8B4A-11D0-8D11-00A0C91BC942}") = "numtype", "numtype\numtype.vcxproj", "{50247B8F-4620-4173-9884-8F560B70140A}"
EndProject
Project("{2150E333-8FDC-42A3-9474-1A3956D46DE8}") = "ch3", "ch3", "{43C88BDD-CAC7-4C46-87A2-47DA29FD007B}"
EndProject
Project("{8BC9CEB8-8B4A-11D0-8D11-00A0C91BC942}") = "VarTest", "VarTest\VarTest.vcxproj", "{6516A7B8-FE0A-4569-8C1C-9FDBA05353FC}"
EndProject
Project("{8BC9CEB8-8B4A-11D0-8D11-00A0C91BC942}") = "StrTest", "StrTest\StrTest.vcxproj", "{9BC39DD1-19E1-48CA-B415-4EEAB49C2B01}"
EndProject
Global
	GlobalSection(SolutionConfigurationPlatforms) = preSolution
		Debug|x64 = Debug|x64
		Debug|x86 = Debug|x86
		Release|x64 = Release|x64
		Release|x86 = Release|x86
	EndGlobalSection
	GlobalSection(ProjectConfigurationPlatforms) = postSolution
		{8A53234D-C2CB-4306-B953-8740B3A1377A}.Debug|x64.ActiveCfg = Debug|x64
		{8A53234D-C2CB-4306-B953-8740B3A1377A}.Debug|x64.Build.0 = Debug|x64
		{8A53234D-C2CB-4306-B953-8740B3A1377A}.Debug|x86.ActiveCfg = Debug|Win32
		{8A53234D-C2CB-4306-B953-8740B3A1377A}.Debug|x86.Build.0 = Debug|Win32
		{8A53234D-C2CB-4306-B953-8740B3A1377A}.Release|x64.ActiveCfg = Release|x64
		{8A53234D-C2CB-4306-B953-8740B3A1377A}.Release|x64.Build.0 = Release|x64
		{8A53234D-C2CB-4306-B953-8740B3A1377A}.Release|x86.ActiveCfg = Release|Win32
		{8A53234D-C2CB-4306-B953-8740B3A1377A}.Release|x86.Build.0 = Release|Win32
		{22C5910C-F377-4669-9D3E-815D1A4FD836}.Debug|x64.ActiveCfg = Debug|x64
		{22C5910C-F377-4669-9D3E-815D1A4FD836}.Debug|x64.Build.0 = Debug|x64
		{22C5910C-F377-4669-9D3E-815D1A4FD836}.Debug|x86.ActiveCfg = Debug|Win32
		{22C5910C-F377-4669-9D3E-815D1A4FD836}.Debug|x86.Build.0 = Debug|Win32
		{22C5910C-F377-4669-9D3E-815D1A4FD836}.Release|x64.ActiveCfg = Release|x64
		{22C5910C-F377-4669-9D3E-815D1A4FD836}.Release|x64.Build.0 = Release|x64
		{22C5910C-F377-4669-9D3E-815D1A4FD836}.Release|x86.ActiveCfg = Release|Win32
		{22C5910C-F377-4669-9D3E-815D1A4FD836}.Release|x86.Build.0 = Release|Win32
		{50247B8F-4620-4173-9884-8F560B70140A}.Debug|x64.ActiveCfg = Debug|x64
		{50247B8F-4620-4173-9884-8F560B70140A}.Debug|x64.Build.0 = Debug|x64
		{50247B8F-4620-4173-9884-8F560B70140A}.Debug|x86.ActiveCfg = Debug|Win32
		{50247B8F-4620-4173-9884-8F560B70140A}.Debug|x86.Build.0 = Debug|Win32
		{50247B8F-4620-4173-9884-8F560B70140A}.Release|x64.ActiveCfg = Release|x64
		{50247B8F-4620-4173-9884-8F560B70140A}.Release|x64.Build.0 = Release|x64
		{50247B8F-4620-4173-9884-8F560B70140A}.Release|x86.ActiveCfg = Release|Win32
		{50247B8F-4620-4173-9884-8F560B70140A}.Release|x86.Build.0 = Release|Win32
		{6516A7B8-FE0A-4569-8C1C-9FDBA05353FC}.Debug|x64.ActiveCfg = Debug|x64
		{6516A7B8-FE0A-4569-8C1C-9FDBA05353FC}.Debug|x64.Build.0 = Debug|x64
		{6516A7B8-FE0A-4569-8C1C-9FDBA05353FC}.Debug|x86.ActiveCfg = Debug|Win32
		{6516A7B8-FE0A-4569-8C1C-9FDBA05353FC}.Debug|x86.Build.0 = Debug|Win32
		{6516A7B8-FE0A-4569-8C1C-9FDBA05353FC}.Release|x64.ActiveCfg = Release|x64
		{6516A7B8-FE0A-4569-8C1C-9FDBA05353FC}.Release|x64.Build.0 = Release|x64
		{6516A7B8-FE0A-4569-8C1C-9FDBA05353FC}.Release|x86.ActiveCfg = Release|Win32
		{6516A7B8-FE0A-4569-8C1C-9FDBA05353FC}.Release|x86.Build.0 = Release|Win32
		{9BC39DD1-19E1-48CA-B415-4EEAB49C2B01}.Debug|x64.ActiveCfg = Debug|x64
		{9BC39DD1-19E1-48CA-B415-4EEAB49C2B01}.Debug|x64.Build.0 = Debug|x64
		{9BC39DD1-19E1-48CA-B415-4EEAB49C2B01}.Debug|x86.ActiveCfg = Debug|Win32
		{9BC39DD1-19E1-48CA-B415-4EEAB49C2B01}.Debug|x86.Build.0 = Debug|Win32
		{9BC39DD1-19E1-48CA-B415-4EEAB49C2B01}.Release|x64.ActiveCfg = Release|x64
		{9BC39DD1-19E1-48CA-B415-4EEAB49C2B01}.Release|x64.Build.0 = Release|x64
		{9BC39DD1-19E1-48CA-B415-4EEAB49C2B01}.Release|x86.ActiveCfg = Release|Win32
		{9BC39DD1-19E1-48CA-B415-4EEAB49C2B01}.Release|x86.Build.0 = Release|Win32
	EndGlobalSection
	GlobalSection(SolutionProperties) = preSolution
		HideSolutionNode = FALSE
	EndGlobalSection
	GlobalSection(NestedProjects) = preSolution
		{8A53234D-C2CB-4306-B953-8740B3A1377A} = {D32F1780-C554-490F-9BF7-832F28439A98}
		{22C5910C-F377-4669-9D3E-815D1A4FD836} = {D32F1780-C554-490F-9BF7-832F28439A98}
		{50247B8F-4620-4173-9884-8F560B70140A} = {D32F1780-C554-490F-9BF7-832F28439A98}
		{6516A7B8-FE0A-4569-8C1C-9FDBA05353FC} = {43C88BDD-CAC7-4C46-87A2-47DA29FD007B}
		{9BC39DD1-19E1-48CA-B415-4EEAB49C2B01} = {43C88BDD-CAC7-4C46-87A2-47DA29FD007B}
	EndGlobalSection
	GlobalSection(ExtensibilityGlobals) = postSolution
		SolutionGuid = {30A40157-B05F-45A7-AD30-11D1256A662F}
	EndGlobalSection
EndGlobal
